
Microsoft Visual Studio Solution File, Format Version 12.00
# Visual Studio 15
VisualStudioVersion = 15.0.27130.2027
MinimumVisualStudioVersion = 10.0.40219.1
Project("{FAE04EC0-301F-11D3-BF4B-00C04F79EFBC}") = "Lecture_63_Strings", "Lecture_63_Strings\Lecture_63_Strings.csproj", "{E36203CA-3568-414C-8EDF-7D9C20EB820B}"
EndProject
Global
	GlobalSection(SolutionConfigurationPlatforms) = preSolution
		Debug|Any CPU = Debug|Any CPU
		Release|Any CPU = Release|Any CPU
	EndGlobalSection
	GlobalSection(ProjectConfigurationPlatforms) = postSolution
		{E36203CA-3568-414C-8EDF-7D9C20EB820B}.Debug|Any CPU.ActiveCfg = Debug|Any CPU
		{E36203CA-3568-414C-8EDF-7D9C20EB820B}.Debug|Any CPU.Build.0 = Debug|Any CPU
		{E36203CA-3568-414C-8EDF-7D9C20EB820B}.Release|Any CPU.ActiveCfg = Release|Any CPU
		{E36203CA-3568-414C-8EDF-7D9C20EB820B}.Release|Any CPU.Build.0 = Release|Any CPU
	EndGlobalSection
	GlobalSection(SolutionProperties) = preSolution
		HideSolutionNode = FALSE
	EndGlobalSection
	GlobalSection(ExtensibilityGlobals) = postSolution
		SolutionGuid = {C2FDF6D5-BA9D-4805-8F96-A16DB69A102D}
	EndGlobalSection
EndGlobal
